PODS:
  - Alamofire (4.7.0)
  - SDWebImage (4.3.3):
    - SDWebImage/Core (= 4.3.3)
  - SDWebImage/Core (4.3.3)
  - SwiftyJSON (4.0.0)
  - Swinject (2.2.0)

DEPENDENCIES:
  - Alamofire (~> 4.7)
  - SDWebImage (~> 4.0)
  - SwiftyJSON (~> 4.0)
  - Swinject

SPEC REPOS:
  https://github.com/cocoapods/specs.git:
    - Alamofire
    - SDWebImage
    - SwiftyJSON
    - Swinject

SPEC CHECKSUMS:
  Alamofire: 907e0a98eb68cdb7f9d1f541a563d6ac5dc77b25
  SDWebImage: de4d90b5bff3571eae7bd16202b1f43135409fa5
  SwiftyJSON: 070dabdcb1beb81b247c65ffa3a79dbbfb3b48aa
  Swinject: 4ca48bca7de5f398229a26abe1ac902b9f3ee541

PODFILE CHECKSUM: e44b0dceb3550d4bec1f006e3eed50e28e669340

COCOAPODS: 1.5.3
