// !$*UTF8*$!
{
	archiveVersion = 1;
	classes = {
	};
	objectVersion = 50;
	objects = {

/* Begin PBXBuildFile section */
		179A69850B000C5550979085 /* Pods_wypokTests.framework in Frameworks */ = {isa = PBXBuildFile; fileRef = 7396BF67F943556B28357814 /* Pods_wypokTests.framework */; };
		1EEF93DA7A931FA7B002220E /* Pods_wypok.framework in Frameworks */ = {isa = PBXBuildFile; fileRef = 75541E82421464883543F307 /* Pods_wypok.framework */; };
		4101E2F9211269C50030C49B /* FrontPageInteractor.swift in Sources */ = {isa = PBXBuildFile; fileRef = 4101E2F8211269C50030C49B /* FrontPageInteractor.swift */; };
		4101E2FE21126BE90030C49B /* FrontPageItemDto.swift in Sources */ = {isa = PBXBuildFile; fileRef = 4101E2FD21126BE90030C49B /* FrontPageItemDto.swift */; };
		4101E30021126C150030C49B /* FrontPageItemModel.swift in Sources */ = {isa = PBXBuildFile; fileRef = 4101E2FF21126C150030C49B /* FrontPageItemModel.swift */; };
		4101E3022113BFCC0030C49B /* ApiKeysProvider.swift in Sources */ = {isa = PBXBuildFile; fileRef = 4101E3012113BFCC0030C49B /* ApiKeysProvider.swift */; };
		4101E3052113C2170030C49B /* WypokApiKeysProvider.swift in Sources */ = {isa = PBXBuildFile; fileRef = 4101E3042113C2170030C49B /* WypokApiKeysProvider.swift */; };
		4101E3072113C4EC0030C49B /* MD5Digest.swift in Sources */ = {isa = PBXBuildFile; fileRef = 4101E3062113C4EC0030C49B /* MD5Digest.swift */; };
		4101E3092113D3460030C49B /* RemoteEntity.swift in Sources */ = {isa = PBXBuildFile; fileRef = 4101E3082113D3460030C49B /* RemoteEntity.swift */; };
		4101E30B2113D6ED0030C49B /* WypokFrontPageInteractor.swift in Sources */ = {isa = PBXBuildFile; fileRef = 4101E30A2113D6ED0030C49B /* WypokFrontPageInteractor.swift */; };
		4101E30D2113D7DF0030C49B /* FrontPageService.swift in Sources */ = {isa = PBXBuildFile; fileRef = 4101E30C2113D7DF0030C49B /* FrontPageService.swift */; };
		4101E3112113D8560030C49B /* WypokBaseService.swift in Sources */ = {isa = PBXBuildFile; fileRef = 4101E3102113D8560030C49B /* WypokBaseService.swift */; };
		4101E31321151A2C0030C49B /* WypokService.swift in Sources */ = {isa = PBXBuildFile; fileRef = 4101E31221151A2C0030C49B /* WypokService.swift */; };
		411FEBCC2116788F00A150BE /* FrontPageImageView.xib in Resources */ = {isa = PBXBuildFile; fileRef = 411FEBCB2116788F00A150BE /* FrontPageImageView.xib */; };
		411FEBCE2116F83400A150BE /* EdgeInsetLabel.swift in Sources */ = {isa = PBXBuildFile; fileRef = 411FEBCD2116F83400A150BE /* EdgeInsetLabel.swift */; };
		411FEBD02116F9BF00A150BE /* FrontPageImageView.swift in Sources */ = {isa = PBXBuildFile; fileRef = 411FEBCF2116F9BF00A150BE /* FrontPageImageView.swift */; };
		411FEBD3211754F500A150BE /* FrontPageArticleTableViewCell.swift in Sources */ = {isa = PBXBuildFile; fileRef = 411FEBD1211754F500A150BE /* FrontPageArticleTableViewCell.swift */; };
		411FEBD4211754F500A150BE /* FrontPageArticleTableViewCell.xib in Resources */ = {isa = PBXBuildFile; fileRef = 411FEBD2211754F500A150BE /* FrontPageArticleTableViewCell.xib */; };
		411FEBD62117B17600A150BE /* WypokExtensions.swift in Sources */ = {isa = PBXBuildFile; fileRef = 411FEBD52117B17600A150BE /* WypokExtensions.swift */; };
		412BA9FA212987650024D4A9 /* WypokMirkoRepository.swift in Sources */ = {isa = PBXBuildFile; fileRef = 412BA9F9212987650024D4A9 /* WypokMirkoRepository.swift */; };
		412BAA0521298B540024D4A9 /* MirkoEntity+CoreDataClass.swift in Sources */ = {isa = PBXBuildFile; fileRef = 412BAA0321298B540024D4A9 /* MirkoEntity+CoreDataClass.swift */; };
		412BAA0621298B540024D4A9 /* MirkoEntity+CoreDataProperties.swift in Sources */ = {isa = PBXBuildFile; fileRef = 412BAA0421298B540024D4A9 /* MirkoEntity+CoreDataProperties.swift */; };
		412BAA0821298D090024D4A9 /* CommonCoreDataRepository.swift in Sources */ = {isa = PBXBuildFile; fileRef = 412BAA0721298D090024D4A9 /* CommonCoreDataRepository.swift */; };
		412BAA0C212A13490024D4A9 /* MirkoEntityRepository.swift in Sources */ = {isa = PBXBuildFile; fileRef = 412BAA0B212A13490024D4A9 /* MirkoEntityRepository.swift */; };
		4133EED7213475DB00A5ED68 /* PrefetchingService.swift in Sources */ = {isa = PBXBuildFile; fileRef = 4133EED6213475DB00A5ED68 /* PrefetchingService.swift */; };
		4133EED92135346500A5ED68 /* WypokExtensionsTests.swift in Sources */ = {isa = PBXBuildFile; fileRef = 4133EED82135346500A5ED68 /* WypokExtensionsTests.swift */; };
		41363F142107EA1D00C6AB42 /* BasePresenter.swift in Sources */ = {isa = PBXBuildFile; fileRef = 41363F132107EA1D00C6AB42 /* BasePresenter.swift */; };
		41363F16210A554D00C6AB42 /* FrontPagePresenter.swift in Sources */ = {isa = PBXBuildFile; fileRef = 41363F15210A554D00C6AB42 /* FrontPagePresenter.swift */; };
		41363F18210A6EE000C6AB42 /* Presenter.swift in Sources */ = {isa = PBXBuildFile; fileRef = 41363F17210A6EE000C6AB42 /* Presenter.swift */; };
		41363F1A210A6F1400C6AB42 /* View.swift in Sources */ = {isa = PBXBuildFile; fileRef = 41363F19210A6F1400C6AB42 /* View.swift */; };
		415C78D72106984700453AFC /* WypokFrontPagePresenter.swift in Sources */ = {isa = PBXBuildFile; fileRef = 415C78D62106984700453AFC /* WypokFrontPagePresenter.swift */; };
		416D79A7210534D400683119 /* AppDelegate.swift in Sources */ = {isa = PBXBuildFile; fileRef = 416D79A6210534D400683119 /* AppDelegate.swift */; };
		416D79A9210534D400683119 /* WypokFrontPageViewController.swift in Sources */ = {isa = PBXBuildFile; fileRef = 416D79A8210534D400683119 /* WypokFrontPageViewController.swift */; };
		416D79AC210534D400683119 /* Main.storyboard in Resources */ = {isa = PBXBuildFile; fileRef = 416D79AA210534D400683119 /* Main.storyboard */; };
		416D79AF210534D400683119 /* wypok.xcdatamodeld in Sources */ = {isa = PBXBuildFile; fileRef = 416D79AD210534D400683119 /* wypok.xcdatamodeld */; };
		416D79B1210534DD00683119 /* (null) in Resources */ = {isa = PBXBuildFile; };
		416D79B4210534DD00683119 /* LaunchScreen.storyboard in Resources */ = {isa = PBXBuildFile; fileRef = 416D79B2210534DD00683119 /* LaunchScreen.storyboard */; };
		416D79BF210534DE00683119 /* wypokTests.swift in Sources */ = {isa = PBXBuildFile; fileRef = 416D79BE210534DE00683119 /* wypokTests.swift */; };
		416D79CA210534DE00683119 /* wypokUITests.swift in Sources */ = {isa = PBXBuildFile; fileRef = 416D79C9210534DE00683119 /* wypokUITests.swift */; };
		418063EE210FC28E00B5455C /* ApiKeys.plist in Resources */ = {isa = PBXBuildFile; fileRef = 418063ED210FC28E00B5455C /* ApiKeys.plist */; };
		418063F221112C9A00B5455C /* ViewState.swift in Sources */ = {isa = PBXBuildFile; fileRef = 418063F121112C9A00B5455C /* ViewState.swift */; };
		41B3B0B7211F87570023EC45 /* WypokMirkoViewState.swift in Sources */ = {isa = PBXBuildFile; fileRef = 41B3B0B6211F87570023EC45 /* WypokMirkoViewState.swift */; };
		41B3B0BB211F87CD0023EC45 /* MirkoItemModel.swift in Sources */ = {isa = PBXBuildFile; fileRef = 41B3B0BA211F87CD0023EC45 /* MirkoItemModel.swift */; };
		41B3B0BD211F8CFD0023EC45 /* MirkoPresenter.swift in Sources */ = {isa = PBXBuildFile; fileRef = 41B3B0BC211F8CFD0023EC45 /* MirkoPresenter.swift */; };
		41B3B0BF211F8E1F0023EC45 /* MirkoItemAction.swift in Sources */ = {isa = PBXBuildFile; fileRef = 41B3B0BE211F8E1F0023EC45 /* MirkoItemAction.swift */; };
		41B3B0C1211F8F320023EC45 /* WypokMirkoPresenter.swift in Sources */ = {isa = PBXBuildFile; fileRef = 41B3B0C0211F8F320023EC45 /* WypokMirkoPresenter.swift */; };
		41B3B0C3211F934F0023EC45 /* WypokMirkoInteractor.swift in Sources */ = {isa = PBXBuildFile; fileRef = 41B3B0C2211F934F0023EC45 /* WypokMirkoInteractor.swift */; };
		41B3B0C5211F93670023EC45 /* MirkoInteractor.swift in Sources */ = {isa = PBXBuildFile; fileRef = 41B3B0C4211F93670023EC45 /* MirkoInteractor.swift */; };
		41B3B0C9211F9B530023EC45 /* MirkoEntryTableViewCell.swift in Sources */ = {isa = PBXBuildFile; fileRef = 41B3B0C7211F9B530023EC45 /* MirkoEntryTableViewCell.swift */; };
		41B3B0CA211F9B530023EC45 /* MirkoEntryTableViewCell.xib in Resources */ = {isa = PBXBuildFile; fileRef = 41B3B0C8211F9B530023EC45 /* MirkoEntryTableViewCell.xib */; };
		41B3B0CE211F9D580023EC45 /* MirkoItemDto.swift in Sources */ = {isa = PBXBuildFile; fileRef = 41B3B0CD211F9D580023EC45 /* MirkoItemDto.swift */; };
		41B3B0D0211F9D7A0023EC45 /* MirkoCommentDto.swift in Sources */ = {isa = PBXBuildFile; fileRef = 41B3B0CF211F9D7A0023EC45 /* MirkoCommentDto.swift */; };
		41B3B0D2211F9E590023EC45 /* MirkoAuthorDto.swift in Sources */ = {isa = PBXBuildFile; fileRef = 41B3B0D1211F9E590023EC45 /* MirkoAuthorDto.swift */; };
		41B3B0D4211F9FEA0023EC45 /* MirkoEmbedDto.swift in Sources */ = {isa = PBXBuildFile; fileRef = 41B3B0D3211F9FEA0023EC45 /* MirkoEmbedDto.swift */; };
		41B3B0D6211FAE2D0023EC45 /* AuthorRank.swift in Sources */ = {isa = PBXBuildFile; fileRef = 41B3B0D5211FAE2D0023EC45 /* AuthorRank.swift */; };
		41B3B0D9212037CE0023EC45 /* MirkoService.swift in Sources */ = {isa = PBXBuildFile; fileRef = 41B3B0D8212037CE0023EC45 /* MirkoService.swift */; };
		41B3B0DB212043FF0023EC45 /* WypokTableViewCell.swift in Sources */ = {isa = PBXBuildFile; fileRef = 41B3B0DA212043FF0023EC45 /* WypokTableViewCell.swift */; };
		41B90E0721335CD700627F41 /* EmbedModel.swift in Sources */ = {isa = PBXBuildFile; fileRef = 41B90E0621335CD700627F41 /* EmbedModel.swift */; };
		41B90E0921335D3500627F41 /* EmbedTypeModel.swift in Sources */ = {isa = PBXBuildFile; fileRef = 41B90E0821335D3500627F41 /* EmbedTypeModel.swift */; };
		41BAE7FB2115C45200BCD5C2 /* WypokAssets.xcassets in Resources */ = {isa = PBXBuildFile; fileRef = 41BAE7FA2115C45200BCD5C2 /* WypokAssets.xcassets */; };
		41C37F9B2105488F00150BFE /* BaseView.swift in Sources */ = {isa = PBXBuildFile; fileRef = 41C37F9A2105488F00150BFE /* BaseView.swift */; };
		41C37FE02106768300150BFE /* WypokDigsiteViewController.swift in Sources */ = {isa = PBXBuildFile; fileRef = 41C37FDF2106768300150BFE /* WypokDigsiteViewController.swift */; };
		41C37FE22106780600150BFE /* WypokDigsiteViewState.swift in Sources */ = {isa = PBXBuildFile; fileRef = 41C37FE12106780600150BFE /* WypokDigsiteViewState.swift */; };
		41C37FE421067CA600150BFE /* WypokBestsViewController.swift in Sources */ = {isa = PBXBuildFile; fileRef = 41C37FE321067CA600150BFE /* WypokBestsViewController.swift */; };
		41C37FE621067CBF00150BFE /* WypokBestsViewState.swift in Sources */ = {isa = PBXBuildFile; fileRef = 41C37FE521067CBF00150BFE /* WypokBestsViewState.swift */; };
		41C37FE821067FB200150BFE /* WypokMirkoViewController.swift in Sources */ = {isa = PBXBuildFile; fileRef = 41C37FE721067FB200150BFE /* WypokMirkoViewController.swift */; };
		41CABD48212085C400F94441 /* MirkoEmbedType.swift in Sources */ = {isa = PBXBuildFile; fileRef = 41CABD47212085C300F94441 /* MirkoEmbedType.swift */; };
		41D14F172124F383004578D4 /* WypokGlobalInjectionContainer.swift in Sources */ = {isa = PBXBuildFile; fileRef = 41D14F162124F383004578D4 /* WypokGlobalInjectionContainer.swift */; };
		41EA0202210543690091E9F9 /* WypokFrontPageViewState.swift in Sources */ = {isa = PBXBuildFile; fileRef = 41EA0201210543690091E9F9 /* WypokFrontPageViewState.swift */; };
		41FA4058211A49B600EEA5FF /* FrontPageAction.swift in Sources */ = {isa = PBXBuildFile; fileRef = 41FA4057211A49B500EEA5FF /* FrontPageAction.swift */; };
		570BA3CF5591460F01AC9800 /* Pods_wypokUITests.framework in Frameworks */ = {isa = PBXBuildFile; fileRef = 8F833BEB7C2A096254638DEB /* Pods_wypokUITests.framework */; };
/* End PBXBuildFile section */

/* Begin PBXContainerItemProxy section */
		416D79BB210534DE00683119 /* PBXContainerItemProxy */ = {
			isa = PBXContainerItemProxy;
			containerPortal = 416D799B210534D300683119 /* Project object */;
			proxyType = 1;
			remoteGlobalIDString = 416D79A2210534D400683119;
			remoteInfo = wypok;
		};
		416D79C6210534DE00683119 /* PBXContainerItemProxy */ = {
			isa = PBXContainerItemProxy;
			containerPortal = 416D799B210534D300683119 /* Project object */;
			proxyType = 1;
			remoteGlobalIDString = 416D79A2210534D400683119;
			remoteInfo = wypok;
		};
/* End PBXContainerItemProxy section */

/* Begin PBXFileReference section */
		296FD035969B0A408F6F3B24 /* Pods-wypok.debug.xcconfig */ = {isa = PBXFileReference; includeInIndex = 1; lastKnownFileType = text.xcconfig; name = "Pods-wypok.debug.xcconfig"; path = "Pods/Target Support Files/Pods-wypok/Pods-wypok.debug.xcconfig"; sourceTree = "<group>"; };
		4101E2F8211269C50030C49B /* FrontPageInteractor.swift */ = {isa = PBXFileReference; lastKnownFileType = sourcecode.swift; path = FrontPageInteractor.swift; sourceTree = "<group>"; };
		4101E2FD21126BE90030C49B /* FrontPageItemDto.swift */ = {isa = PBXFileReference; lastKnownFileType = sourcecode.swift; path = FrontPageItemDto.swift; sourceTree = "<group>"; };
		4101E2FF21126C150030C49B /* FrontPageItemModel.swift */ = {isa = PBXFileReference; lastKnownFileType = sourcecode.swift; path = FrontPageItemModel.swift; sourceTree = "<group>"; };
		4101E3012113BFCC0030C49B /* ApiKeysProvider.swift */ = {isa = PBXFileReference; lastKnownFileType = sourcecode.swift; path = ApiKeysProvider.swift; sourceTree = "<group>"; };
		4101E3042113C2170030C49B /* WypokApiKeysProvider.swift */ = {isa = PBXFileReference; lastKnownFileType = sourcecode.swift; path = WypokApiKeysProvider.swift; sourceTree = "<group>"; };
		4101E3062113C4EC0030C49B /* MD5Digest.swift */ = {isa = PBXFileReference; lastKnownFileType = sourcecode.swift; path = MD5Digest.swift; sourceTree = "<group>"; };
		4101E3082113D3460030C49B /* RemoteEntity.swift */ = {isa = PBXFileReference; lastKnownFileType = sourcecode.swift; path = RemoteEntity.swift; sourceTree = "<group>"; };
		4101E30A2113D6ED0030C49B /* WypokFrontPageInteractor.swift */ = {isa = PBXFileReference; lastKnownFileType = sourcecode.swift; path = WypokFrontPageInteractor.swift; sourceTree = "<group>"; };
		4101E30C2113D7DF0030C49B /* FrontPageService.swift */ = {isa = PBXFileReference; lastKnownFileType = sourcecode.swift; path = FrontPageService.swift; sourceTree = "<group>"; };
		4101E3102113D8560030C49B /* WypokBaseService.swift */ = {isa = PBXFileReference; lastKnownFileType = sourcecode.swift; path = WypokBaseService.swift; sourceTree = "<group>"; };
		4101E31221151A2C0030C49B /* WypokService.swift */ = {isa = PBXFileReference; lastKnownFileType = sourcecode.swift; path = WypokService.swift; sourceTree = "<group>"; };
		411FEBCB2116788F00A150BE /* FrontPageImageView.xib */ = {isa = PBXFileReference; lastKnownFileType = file.xib; path = FrontPageImageView.xib; sourceTree = "<group>"; };
		411FEBCD2116F83400A150BE /* EdgeInsetLabel.swift */ = {isa = PBXFileReference; lastKnownFileType = sourcecode.swift; path = EdgeInsetLabel.swift; sourceTree = "<group>"; };
		411FEBCF2116F9BF00A150BE /* FrontPageImageView.swift */ = {isa = PBXFileReference; lastKnownFileType = sourcecode.swift; path = FrontPageImageView.swift; sourceTree = "<group>"; };
		411FEBD1211754F500A150BE /* FrontPageArticleTableViewCell.swift */ = {isa = PBXFileReference; lastKnownFileType = sourcecode.swift; path = FrontPageArticleTableViewCell.swift; sourceTree = "<group>"; };
		411FEBD2211754F500A150BE /* FrontPageArticleTableViewCell.xib */ = {isa = PBXFileReference; lastKnownFileType = file.xib; path = FrontPageArticleTableViewCell.xib; sourceTree = "<group>"; };
		411FEBD52117B17600A150BE /* WypokExtensions.swift */ = {isa = PBXFileReference; lastKnownFileType = sourcecode.swift; path = WypokExtensions.swift; sourceTree = "<group>"; };
		412BA9F9212987650024D4A9 /* WypokMirkoRepository.swift */ = {isa = PBXFileReference; lastKnownFileType = sourcecode.swift; path = WypokMirkoRepository.swift; sourceTree = "<group>"; };
		412BAA0321298B540024D4A9 /* MirkoEntity+CoreDataClass.swift */ = {isa = PBXFileReference; lastKnownFileType = sourcecode.swift; path = "MirkoEntity+CoreDataClass.swift"; sourceTree = "<group>"; };
		412BAA0421298B540024D4A9 /* MirkoEntity+CoreDataProperties.swift */ = {isa = PBXFileReference; lastKnownFileType = sourcecode.swift; path = "MirkoEntity+CoreDataProperties.swift"; sourceTree = "<group>"; };
		412BAA0721298D090024D4A9 /* CommonCoreDataRepository.swift */ = {isa = PBXFileReference; lastKnownFileType = sourcecode.swift; path = CommonCoreDataRepository.swift; sourceTree = "<group>"; };
		412BAA0B212A13490024D4A9 /* MirkoEntityRepository.swift */ = {isa = PBXFileReference; lastKnownFileType = sourcecode.swift; path = MirkoEntityRepository.swift; sourceTree = "<group>"; };
		4133EED6213475DB00A5ED68 /* PrefetchingService.swift */ = {isa = PBXFileReference; lastKnownFileType = sourcecode.swift; path = PrefetchingService.swift; sourceTree = "<group>"; };
		4133EED82135346500A5ED68 /* WypokExtensionsTests.swift */ = {isa = PBXFileReference; lastKnownFileType = sourcecode.swift; path = WypokExtensionsTests.swift; sourceTree = "<group>"; };
		41363F132107EA1D00C6AB42 /* BasePresenter.swift */ = {isa = PBXFileReference; lastKnownFileType = sourcecode.swift; path = BasePresenter.swift; sourceTree = "<group>"; };
		41363F15210A554D00C6AB42 /* FrontPagePresenter.swift */ = {isa = PBXFileReference; lastKnownFileType = sourcecode.swift; path = FrontPagePresenter.swift; sourceTree = "<group>"; };
		41363F17210A6EE000C6AB42 /* Presenter.swift */ = {isa = PBXFileReference; lastKnownFileType = sourcecode.swift; path = Presenter.swift; sourceTree = "<group>"; };
		41363F19210A6F1400C6AB42 /* View.swift */ = {isa = PBXFileReference; lastKnownFileType = sourcecode.swift; path = View.swift; sourceTree = "<group>"; };
		415C78D62106984700453AFC /* WypokFrontPagePresenter.swift */ = {isa = PBXFileReference; lastKnownFileType = sourcecode.swift; path = WypokFrontPagePresenter.swift; sourceTree = "<group>"; };
		416D79A3210534D400683119 /* wypok.app */ = {isa = PBXFileReference; explicitFileType = wrapper.application; includeInIndex = 0; path = wypok.app; sourceTree = BUILT_PRODUCTS_DIR; };
		416D79A6210534D400683119 /* AppDelegate.swift */ = {isa = PBXFileReference; lastKnownFileType = sourcecode.swift; path = AppDelegate.swift; sourceTree = "<group>"; };
		416D79A8210534D400683119 /* WypokFrontPageViewController.swift */ = {isa = PBXFileReference; lastKnownFileType = sourcecode.swift; path = WypokFrontPageViewController.swift; sourceTree = "<group>"; };
		416D79AB210534D400683119 /* Base */ = {isa = PBXFileReference; lastKnownFileType = file.storyboard; name = Base; path = Base.lproj/Main.storyboard; sourceTree = "<group>"; };
		416D79AE210534D400683119 /* wypok.xcdatamodel */ = {isa = PBXFileReference; lastKnownFileType = wrapper.xcdatamodel; path = wypok.xcdatamodel; sourceTree = "<group>"; };
		416D79B3210534DD00683119 /* Base */ = {isa = PBXFileReference; lastKnownFileType = file.storyboard; name = Base; path = Base.lproj/LaunchScreen.storyboard; sourceTree = "<group>"; };
		416D79B5210534DD00683119 /* Info.plist */ = {isa = PBXFileReference; lastKnownFileType = text.plist.xml; path = Info.plist; sourceTree = "<group>"; };
		416D79BA210534DE00683119 /* wypokTests.xctest */ = {isa = PBXFileReference; explicitFileType = wrapper.cfbundle; includeInIndex = 0; path = wypokTests.xctest; sourceTree = BUILT_PRODUCTS_DIR; };
		416D79BE210534DE00683119 /* wypokTests.swift */ = {isa = PBXFileReference; lastKnownFileType = sourcecode.swift; path = wypokTests.swift; sourceTree = "<group>"; };
		416D79C0210534DE00683119 /* Info.plist */ = {isa = PBXFileReference; lastKnownFileType = text.plist.xml; path = Info.plist; sourceTree = "<group>"; };
		416D79C5210534DE00683119 /* wypokUITests.xctest */ = {isa = PBXFileReference; explicitFileType = wrapper.cfbundle; includeInIndex = 0; path = wypokUITests.xctest; sourceTree = BUILT_PRODUCTS_DIR; };
		416D79C9210534DE00683119 /* wypokUITests.swift */ = {isa = PBXFileReference; lastKnownFileType = sourcecode.swift; path = wypokUITests.swift; sourceTree = "<group>"; };
		416D79CB210534DE00683119 /* Info.plist */ = {isa = PBXFileReference; lastKnownFileType = text.plist.xml; path = Info.plist; sourceTree = "<group>"; };
		418063ED210FC28E00B5455C /* ApiKeys.plist */ = {isa = PBXFileReference; lastKnownFileType = text.plist.xml; path = ApiKeys.plist; sourceTree = "<group>"; };
		418063F121112C9A00B5455C /* ViewState.swift */ = {isa = PBXFileReference; lastKnownFileType = sourcecode.swift; path = ViewState.swift; sourceTree = "<group>"; };
		41B3B0B6211F87570023EC45 /* WypokMirkoViewState.swift */ = {isa = PBXFileReference; lastKnownFileType = sourcecode.swift; path = WypokMirkoViewState.swift; sourceTree = "<group>"; };
		41B3B0BA211F87CD0023EC45 /* MirkoItemModel.swift */ = {isa = PBXFileReference; lastKnownFileType = sourcecode.swift; path = MirkoItemModel.swift; sourceTree = "<group>"; };
		41B3B0BC211F8CFD0023EC45 /* MirkoPresenter.swift */ = {isa = PBXFileReference; lastKnownFileType = sourcecode.swift; path = MirkoPresenter.swift; sourceTree = "<group>"; };
		41B3B0BE211F8E1F0023EC45 /* MirkoItemAction.swift */ = {isa = PBXFileReference; lastKnownFileType = sourcecode.swift; path = MirkoItemAction.swift; sourceTree = "<group>"; };
		41B3B0C0211F8F320023EC45 /* WypokMirkoPresenter.swift */ = {isa = PBXFileReference; lastKnownFileType = sourcecode.swift; path = WypokMirkoPresenter.swift; sourceTree = "<group>"; };
		41B3B0C2211F934F0023EC45 /* WypokMirkoInteractor.swift */ = {isa = PBXFileReference; lastKnownFileType = sourcecode.swift; path = WypokMirkoInteractor.swift; sourceTree = "<group>"; };
		41B3B0C4211F93670023EC45 /* MirkoInteractor.swift */ = {isa = PBXFileReference; lastKnownFileType = sourcecode.swift; path = MirkoInteractor.swift; sourceTree = "<group>"; };
		41B3B0C7211F9B530023EC45 /* MirkoEntryTableViewCell.swift */ = {isa = PBXFileReference; lastKnownFileType = sourcecode.swift; path = MirkoEntryTableViewCell.swift; sourceTree = "<group>"; };
		41B3B0C8211F9B530023EC45 /* MirkoEntryTableViewCell.xib */ = {isa = PBXFileReference; lastKnownFileType = file.xib; path = MirkoEntryTableViewCell.xib; sourceTree = "<group>"; };
		41B3B0CD211F9D580023EC45 /* MirkoItemDto.swift */ = {isa = PBXFileReference; lastKnownFileType = sourcecode.swift; path = MirkoItemDto.swift; sourceTree = "<group>"; };
		41B3B0CF211F9D7A0023EC45 /* MirkoCommentDto.swift */ = {isa = PBXFileReference; lastKnownFileType = sourcecode.swift; path = MirkoCommentDto.swift; sourceTree = "<group>"; };
		41B3B0D1211F9E590023EC45 /* MirkoAuthorDto.swift */ = {isa = PBXFileReference; lastKnownFileType = sourcecode.swift; path = MirkoAuthorDto.swift; sourceTree = "<group>"; };
		41B3B0D3211F9FEA0023EC45 /* MirkoEmbedDto.swift */ = {isa = PBXFileReference; lastKnownFileType = sourcecode.swift; path = MirkoEmbedDto.swift; sourceTree = "<group>"; };
		41B3B0D5211FAE2D0023EC45 /* AuthorRank.swift */ = {isa = PBXFileReference; lastKnownFileType = sourcecode.swift; path = AuthorRank.swift; sourceTree = "<group>"; };
		41B3B0D8212037CE0023EC45 /* MirkoService.swift */ = {isa = PBXFileReference; lastKnownFileType = sourcecode.swift; path = MirkoService.swift; sourceTree = "<group>"; };
		41B3B0DA212043FF0023EC45 /* WypokTableViewCell.swift */ = {isa = PBXFileReference; lastKnownFileType = sourcecode.swift; path = WypokTableViewCell.swift; sourceTree = "<group>"; };
		41B90E0621335CD700627F41 /* EmbedModel.swift */ = {isa = PBXFileReference; lastKnownFileType = sourcecode.swift; path = EmbedModel.swift; sourceTree = "<group>"; };
		41B90E0821335D3500627F41 /* EmbedTypeModel.swift */ = {isa = PBXFileReference; lastKnownFileType = sourcecode.swift; path = EmbedTypeModel.swift; sourceTree = "<group>"; };
		41BAE7FA2115C45200BCD5C2 /* WypokAssets.xcassets */ = {isa = PBXFileReference; lastKnownFileType = folder.assetcatalog; path = WypokAssets.xcassets; sourceTree = "<group>"; };
		41C37F9A2105488F00150BFE /* BaseView.swift */ = {isa = PBXFileReference; lastKnownFileType = sourcecode.swift; path = BaseView.swift; sourceTree = "<group>"; };
		41C37FDF2106768300150BFE /* WypokDigsiteViewController.swift */ = {isa = PBXFileReference; lastKnownFileType = sourcecode.swift; path = WypokDigsiteViewController.swift; sourceTree = "<group>"; };
		41C37FE12106780600150BFE /* WypokDigsiteViewState.swift */ = {isa = PBXFileReference; lastKnownFileType = sourcecode.swift; path = WypokDigsiteViewState.swift; sourceTree = "<group>"; };
		41C37FE321067CA600150BFE /* WypokBestsViewController.swift */ = {isa = PBXFileReference; lastKnownFileType = sourcecode.swift; path = WypokBestsViewController.swift; sourceTree = "<group>"; };
		41C37FE521067CBF00150BFE /* WypokBestsViewState.swift */ = {isa = PBXFileReference; lastKnownFileType = sourcecode.swift; path = WypokBestsViewState.swift; sourceTree = "<group>"; };
		41C37FE721067FB200150BFE /* WypokMirkoViewController.swift */ = {isa = PBXFileReference; lastKnownFileType = sourcecode.swift; path = WypokMirkoViewController.swift; sourceTree = "<group>"; };
		41CABD47212085C300F94441 /* MirkoEmbedType.swift */ = {isa = PBXFileReference; lastKnownFileType = sourcecode.swift; path = MirkoEmbedType.swift; sourceTree = "<group>"; };
		41D14F162124F383004578D4 /* WypokGlobalInjectionContainer.swift */ = {isa = PBXFileReference; lastKnownFileType = sourcecode.swift; path = WypokGlobalInjectionContainer.swift; sourceTree = "<group>"; };
		41EA0201210543690091E9F9 /* WypokFrontPageViewState.swift */ = {isa = PBXFileReference; lastKnownFileType = sourcecode.swift; path = WypokFrontPageViewState.swift; sourceTree = "<group>"; };
		41FA4057211A49B500EEA5FF /* FrontPageAction.swift */ = {isa = PBXFileReference; lastKnownFileType = sourcecode.swift; path = FrontPageAction.swift; sourceTree = "<group>"; };
		55B58248F696786B40BF5389 /* Pods-wypokTests.release.xcconfig */ = {isa = PBXFileReference; includeInIndex = 1; lastKnownFileType = text.xcconfig; name = "Pods-wypokTests.release.xcconfig"; path = "Pods/Target Support Files/Pods-wypokTests/Pods-wypokTests.release.xcconfig"; sourceTree = "<group>"; };
		70570478837AE9B36CABE0BB /* Pods-wypok.release.xcconfig */ = {isa = PBXFileReference; includeInIndex = 1; lastKnownFileType = text.xcconfig; name = "Pods-wypok.release.xcconfig"; path = "Pods/Target Support Files/Pods-wypok/Pods-wypok.release.xcconfig"; sourceTree = "<group>"; };
		7396BF67F943556B28357814 /* Pods_wypokTests.framework */ = {isa = PBXFileReference; explicitFileType = wrapper.framework; includeInIndex = 0; path = Pods_wypokTests.framework; sourceTree = BUILT_PRODUCTS_DIR; };
		75541E82421464883543F307 /* Pods_wypok.framework */ = {isa = PBXFileReference; explicitFileType = wrapper.framework; includeInIndex = 0; path = Pods_wypok.framework; sourceTree = BUILT_PRODUCTS_DIR; };
		8F66037C47F3524C0524E525 /* Pods-wypokTests.debug.xcconfig */ = {isa = PBXFileReference; includeInIndex = 1; lastKnownFileType = text.xcconfig; name = "Pods-wypokTests.debug.xcconfig"; path = "Pods/Target Support Files/Pods-wypokTests/Pods-wypokTests.debug.xcconfig"; sourceTree = "<group>"; };
		8F833BEB7C2A096254638DEB /* Pods_wypokUITests.framework */ = {isa = PBXFileReference; explicitFileType = wrapper.framework; includeInIndex = 0; path = Pods_wypokUITests.framework; sourceTree = BUILT_PRODUCTS_DIR; };
		B40B55928F13A9046F7073A3 /* Pods-wypokUITests.release.xcconfig */ = {isa = PBXFileReference; includeInIndex = 1; lastKnownFileType = text.xcconfig; name = "Pods-wypokUITests.release.xcconfig"; path = "Pods/Target Support Files/Pods-wypokUITests/Pods-wypokUITests.release.xcconfig"; sourceTree = "<group>"; };
		BEBF29EE7B605D37F6B411F0 /* Pods-wypokUITests.debug.xcconfig */ = {isa = PBXFileReference; includeInIndex = 1; lastKnownFileType = text.xcconfig; name = "Pods-wypokUITests.debug.xcconfig"; path = "Pods/Target Support Files/Pods-wypokUITests/Pods-wypokUITests.debug.xcconfig"; sourceTree = "<group>"; };
/* End PBXFileReference section */

/* Begin PBXFrameworksBuildPhase section */
		416D79A0210534D400683119 /* Frameworks */ = {
			isa = PBXFrameworksBuildPhase;
			buildActionMask = 2147483647;
			files = (
				1EEF93DA7A931FA7B002220E /* Pods_wypok.framework in Frameworks */,
			);
			runOnlyForDeploymentPostprocessing = 0;
		};
		416D79B7210534DE00683119 /* Frameworks */ = {
			isa = PBXFrameworksBuildPhase;
			buildActionMask = 2147483647;
			files = (
				179A69850B000C5550979085 /* Pods_wypokTests.framework in Frameworks */,
			);
			runOnlyForDeploymentPostprocessing = 0;
		};
		416D79C2210534DE00683119 /* Frameworks */ = {
			isa = PBXFrameworksBuildPhase;
			buildActionMask = 2147483647;
			files = (
				570BA3CF5591460F01AC9800 /* Pods_wypokUITests.framework in Frameworks */,
			);
			runOnlyForDeploymentPostprocessing = 0;
		};
/* End PBXFrameworksBuildPhase section */

/* Begin PBXGroup section */
		2C96339AD6AB6E53E2B8659F /* Frameworks */ = {
			isa = PBXGroup;
			children = (
				75541E82421464883543F307 /* Pods_wypok.framework */,
				7396BF67F943556B28357814 /* Pods_wypokTests.framework */,
				8F833BEB7C2A096254638DEB /* Pods_wypokUITests.framework */,
			);
			name = Frameworks;
			sourceTree = "<group>";
		};
		4101E2FA21126B0A0030C49B /* Entities */ = {
			isa = PBXGroup;
			children = (
				4101E2FC21126B180030C49B /* Local */,
			);
			path = Entities;
			sourceTree = "<group>";
		};
		4101E2FC21126B180030C49B /* Local */ = {
			isa = PBXGroup;
			children = (
				4101E2FF21126C150030C49B /* FrontPageItemModel.swift */,
			);
			path = Local;
			sourceTree = "<group>";
		};
		4101E3032113C0970030C49B /* Interactors */ = {
			isa = PBXGroup;
			children = (
				4101E3012113BFCC0030C49B /* ApiKeysProvider.swift */,
				4101E3042113C2170030C49B /* WypokApiKeysProvider.swift */,
			);
			path = Interactors;
			sourceTree = "<group>";
		};
		4101E31421151AA60030C49B /* Networking */ = {
			isa = PBXGroup;
			children = (
				4133EED42134759200A5ED68 /* Prefetching */,
				41B3B0D7212037AE0023EC45 /* Wykop */,
			);
			path = Networking;
			sourceTree = "<group>";
		};
		411FEBC8211677EF00A150BE /* Views */ = {
			isa = PBXGroup;
			children = (
				411FEBCB2116788F00A150BE /* FrontPageImageView.xib */,
				411FEBCD2116F83400A150BE /* EdgeInsetLabel.swift */,
				411FEBCF2116F9BF00A150BE /* FrontPageImageView.swift */,
				41B3B0DA212043FF0023EC45 /* WypokTableViewCell.swift */,
			);
			path = Views;
			sourceTree = "<group>";
		};
		412BAA0D212CC34D0024D4A9 /* Services */ = {
			isa = PBXGroup;
			children = (
				4101E3102113D8560030C49B /* WypokBaseService.swift */,
				4101E31221151A2C0030C49B /* WypokService.swift */,
				4101E30C2113D7DF0030C49B /* FrontPageService.swift */,
				41B3B0D8212037CE0023EC45 /* MirkoService.swift */,
			);
			path = Services;
			sourceTree = "<group>";
		};
		412BAA0E212CC3530024D4A9 /* Entitites */ = {
			isa = PBXGroup;
			children = (
				4101E3082113D3460030C49B /* RemoteEntity.swift */,
				412BAA0F212CC35B0024D4A9 /* Remote */,
				41B90E0521335C9B00627F41 /* Local */,
			);
			path = Entitites;
			sourceTree = "<group>";
		};
		412BAA0F212CC35B0024D4A9 /* Remote */ = {
			isa = PBXGroup;
			children = (
				4101E2FD21126BE90030C49B /* FrontPageItemDto.swift */,
				41B3B0CD211F9D580023EC45 /* MirkoItemDto.swift */,
				41B3B0CF211F9D7A0023EC45 /* MirkoCommentDto.swift */,
				41B3B0D1211F9E590023EC45 /* MirkoAuthorDto.swift */,
				41B3B0D3211F9FEA0023EC45 /* MirkoEmbedDto.swift */,
				41CABD47212085C300F94441 /* MirkoEmbedType.swift */,
			);
			path = Remote;
			sourceTree = "<group>";
		};
		4133EED42134759200A5ED68 /* Prefetching */ = {
			isa = PBXGroup;
			children = (
				4133EED5213475A700A5ED68 /* Services */,
			);
			path = Prefetching;
			sourceTree = "<group>";
		};
		4133EED5213475A700A5ED68 /* Services */ = {
			isa = PBXGroup;
			children = (
				4133EED6213475DB00A5ED68 /* PrefetchingService.swift */,
			);
			path = Services;
			sourceTree = "<group>";
		};
		416D799A210534D300683119 = {
			isa = PBXGroup;
			children = (
				416D79A5210534D400683119 /* wypok */,
				416D79BD210534DE00683119 /* wypokTests */,
				416D79C8210534DE00683119 /* wypokUITests */,
				416D79A4210534D400683119 /* Products */,
				EEBA3BB4716132D1FED9B560 /* Pods */,
				2C96339AD6AB6E53E2B8659F /* Frameworks */,
			);
			sourceTree = "<group>";
		};
		416D79A4210534D400683119 /* Products */ = {
			isa = PBXGroup;
			children = (
				416D79A3210534D400683119 /* wypok.app */,
				416D79BA210534DE00683119 /* wypokTests.xctest */,
				416D79C5210534DE00683119 /* wypokUITests.xctest */,
			);
			name = Products;
			sourceTree = "<group>";
		};
		416D79A5210534D400683119 /* wypok */ = {
			isa = PBXGroup;
			children = (
				416D79D82105414F00683119 /* Common */,
				41C37FDE2106766C00150BFE /* Mirko */,
				41C37FDD210674FE00150BFE /* Bests */,
				41C37FDC210674F200150BFE /* Digsite */,
				416D79D72105413C00683119 /* Frontpage */,
				416D79B5210534DD00683119 /* Info.plist */,
				416D79AD210534D400683119 /* wypok.xcdatamodeld */,
				418063ED210FC28E00B5455C /* ApiKeys.plist */,
				41BAE7FA2115C45200BCD5C2 /* WypokAssets.xcassets */,
			);
			path = wypok;
			sourceTree = "<group>";
		};
		416D79BD210534DE00683119 /* wypokTests */ = {
			isa = PBXGroup;
			children = (
				4133EED82135346500A5ED68 /* WypokExtensionsTests.swift */,
				416D79BE210534DE00683119 /* wypokTests.swift */,
				416D79C0210534DE00683119 /* Info.plist */,
			);
			path = wypokTests;
			sourceTree = "<group>";
		};
		416D79C8210534DE00683119 /* wypokUITests */ = {
			isa = PBXGroup;
			children = (
				416D79C9210534DE00683119 /* wypokUITests.swift */,
				416D79CB210534DE00683119 /* Info.plist */,
			);
			path = wypokUITests;
			sourceTree = "<group>";
		};
		416D79D72105413C00683119 /* Frontpage */ = {
			isa = PBXGroup;
			children = (
				41B3B0B4211F87120023EC45 /* Misc */,
				41BAE7FC2115C75700BCD5C2 /* Views */,
				4101E2FA21126B0A0030C49B /* Entities */,
				416D79A8210534D400683119 /* WypokFrontPageViewController.swift */,
				415C78D62106984700453AFC /* WypokFrontPagePresenter.swift */,
				4101E30A2113D6ED0030C49B /* WypokFrontPageInteractor.swift */,
				41363F15210A554D00C6AB42 /* FrontPagePresenter.swift */,
				4101E2F8211269C50030C49B /* FrontPageInteractor.swift */,
			);
			path = Frontpage;
			sourceTree = "<group>";
		};
		416D79D82105414F00683119 /* Common */ = {
			isa = PBXGroup;
			children = (
				41D14F132124F23A004578D4 /* Architecture */,
				41D14F042124CB36004578D4 /* Persistence */,
				4101E31421151AA60030C49B /* Networking */,
				4101E3032113C0970030C49B /* Interactors */,
				411FEBC8211677EF00A150BE /* Views */,
				41D14F142124F250004578D4 /* Utils */,
				416D79A6210534D400683119 /* AppDelegate.swift */,
				416D79AA210534D400683119 /* Main.storyboard */,
				416D79B2210534DD00683119 /* LaunchScreen.storyboard */,
				41D14F162124F383004578D4 /* WypokGlobalInjectionContainer.swift */,
			);
			path = Common;
			sourceTree = "<group>";
		};
		41B3B0B4211F87120023EC45 /* Misc */ = {
			isa = PBXGroup;
			children = (
				41FA4057211A49B500EEA5FF /* FrontPageAction.swift */,
				41EA0201210543690091E9F9 /* WypokFrontPageViewState.swift */,
			);
			path = Misc;
			sourceTree = "<group>";
		};
		41B3B0B5211F87490023EC45 /* Misc */ = {
			isa = PBXGroup;
			children = (
				41B3B0B6211F87570023EC45 /* WypokMirkoViewState.swift */,
				41B3B0BE211F8E1F0023EC45 /* MirkoItemAction.swift */,
			);
			path = Misc;
			sourceTree = "<group>";
		};
		41B3B0C6211F9B180023EC45 /* Views */ = {
			isa = PBXGroup;
			children = (
				41B3B0C7211F9B530023EC45 /* MirkoEntryTableViewCell.swift */,
				41B3B0C8211F9B530023EC45 /* MirkoEntryTableViewCell.xib */,
			);
			path = Views;
			sourceTree = "<group>";
		};
		41B3B0D7212037AE0023EC45 /* Wykop */ = {
			isa = PBXGroup;
			children = (
				412BAA0D212CC34D0024D4A9 /* Services */,
				412BAA0E212CC3530024D4A9 /* Entitites */,
			);
			path = Wykop;
			sourceTree = "<group>";
		};
		41B90E0521335C9B00627F41 /* Local */ = {
			isa = PBXGroup;
			children = (
				41B3B0BA211F87CD0023EC45 /* MirkoItemModel.swift */,
				41B3B0D5211FAE2D0023EC45 /* AuthorRank.swift */,
				41B90E0621335CD700627F41 /* EmbedModel.swift */,
				41B90E0821335D3500627F41 /* EmbedTypeModel.swift */,
			);
			path = Local;
			sourceTree = "<group>";
		};
		41BAE7FC2115C75700BCD5C2 /* Views */ = {
			isa = PBXGroup;
			children = (
				411FEBD1211754F500A150BE /* FrontPageArticleTableViewCell.swift */,
				411FEBD2211754F500A150BE /* FrontPageArticleTableViewCell.xib */,
			);
			path = Views;
			sourceTree = "<group>";
		};
		41C37FDC210674F200150BFE /* Digsite */ = {
			isa = PBXGroup;
			children = (
				41C37FDF2106768300150BFE /* WypokDigsiteViewController.swift */,
				41C37FE12106780600150BFE /* WypokDigsiteViewState.swift */,
			);
			path = Digsite;
			sourceTree = "<group>";
		};
		41C37FDD210674FE00150BFE /* Bests */ = {
			isa = PBXGroup;
			children = (
				41C37FE321067CA600150BFE /* WypokBestsViewController.swift */,
				41C37FE521067CBF00150BFE /* WypokBestsViewState.swift */,
			);
			path = Bests;
			sourceTree = "<group>";
		};
		41C37FDE2106766C00150BFE /* Mirko */ = {
			isa = PBXGroup;
			children = (
				41B3B0C6211F9B180023EC45 /* Views */,
				41B3B0B5211F87490023EC45 /* Misc */,
				41C37FE721067FB200150BFE /* WypokMirkoViewController.swift */,
				41B3B0C0211F8F320023EC45 /* WypokMirkoPresenter.swift */,
				41B3B0C2211F934F0023EC45 /* WypokMirkoInteractor.swift */,
				41B3B0BC211F8CFD0023EC45 /* MirkoPresenter.swift */,
				41B3B0C4211F93670023EC45 /* MirkoInteractor.swift */,
				412BA9F9212987650024D4A9 /* WypokMirkoRepository.swift */,
			);
			path = Mirko;
			sourceTree = "<group>";
		};
		41D14F042124CB36004578D4 /* Persistence */ = {
			isa = PBXGroup;
			children = (
				41D14F052124CC94004578D4 /* CoreData */,
			);
			path = Persistence;
			sourceTree = "<group>";
		};
		41D14F052124CC94004578D4 /* CoreData */ = {
			isa = PBXGroup;
			children = (
				41D14F062124CC99004578D4 /* Models */,
				412BAA0721298D090024D4A9 /* CommonCoreDataRepository.swift */,
				412BAA0B212A13490024D4A9 /* MirkoEntityRepository.swift */,
			);
			path = CoreData;
			sourceTree = "<group>";
		};
		41D14F062124CC99004578D4 /* Models */ = {
			isa = PBXGroup;
			children = (
				412BAA0321298B540024D4A9 /* MirkoEntity+CoreDataClass.swift */,
				412BAA0421298B540024D4A9 /* MirkoEntity+CoreDataProperties.swift */,
			);
			path = Models;
			sourceTree = "<group>";
		};
		41D14F132124F23A004578D4 /* Architecture */ = {
			isa = PBXGroup;
			children = (
				41363F19210A6F1400C6AB42 /* View.swift */,
				41C37F9A2105488F00150BFE /* BaseView.swift */,
				41363F17210A6EE000C6AB42 /* Presenter.swift */,
				41363F132107EA1D00C6AB42 /* BasePresenter.swift */,
				418063F121112C9A00B5455C /* ViewState.swift */,
			);
			path = Architecture;
			sourceTree = "<group>";
		};
		41D14F142124F250004578D4 /* Utils */ = {
			isa = PBXGroup;
			children = (
				411FEBD52117B17600A150BE /* WypokExtensions.swift */,
				4101E3062113C4EC0030C49B /* MD5Digest.swift */,
			);
			path = Utils;
			sourceTree = "<group>";
		};
		EEBA3BB4716132D1FED9B560 /* Pods */ = {
			isa = PBXGroup;
			children = (
				296FD035969B0A408F6F3B24 /* Pods-wypok.debug.xcconfig */,
				70570478837AE9B36CABE0BB /* Pods-wypok.release.xcconfig */,
				8F66037C47F3524C0524E525 /* Pods-wypokTests.debug.xcconfig */,
				55B58248F696786B40BF5389 /* Pods-wypokTests.release.xcconfig */,
				BEBF29EE7B605D37F6B411F0 /* Pods-wypokUITests.debug.xcconfig */,
				B40B55928F13A9046F7073A3 /* Pods-wypokUITests.release.xcconfig */,
			);
			name = Pods;
			sourceTree = "<group>";
		};
/* End PBXGroup section */

/* Begin PBXNativeTarget section */
		416D79A2210534D400683119 /* wypok */ = {
			isa = PBXNativeTarget;
			buildConfigurationList = 416D79CE210534DE00683119 /* Build configuration list for PBXNativeTarget "wypok" */;
			buildPhases = (
				7BAA6614795C5BA37CFE6637 /* [CP] Check Pods Manifest.lock */,
				416D799F210534D400683119 /* Sources */,
				416D79A0210534D400683119 /* Frameworks */,
				416D79A1210534D400683119 /* Resources */,
				A801AA20876E0298075A6AC9 /* [CP] Embed Pods Frameworks */,
			);
			buildRules = (
			);
			dependencies = (
			);
			name = wypok;
			productName = wypok;
			productReference = 416D79A3210534D400683119 /* wypok.app */;
			productType = "com.apple.product-type.application";
		};
		416D79B9210534DE00683119 /* wypokTests */ = {
			isa = PBXNativeTarget;
			buildConfigurationList = 416D79D1210534DF00683119 /* Build configuration list for PBXNativeTarget "wypokTests" */;
			buildPhases = (
				25A301E2063F5168713B44F1 /* [CP] Check Pods Manifest.lock */,
				416D79B6210534DE00683119 /* Sources */,
				416D79B7210534DE00683119 /* Frameworks */,
				416D79B8210534DE00683119 /* Resources */,
			);
			buildRules = (
			);
			dependencies = (
				416D79BC210534DE00683119 /* PBXTargetDependency */,
			);
			name = wypokTests;
			productName = wypokTests;
			productReference = 416D79BA210534DE00683119 /* wypokTests.xctest */;
			productType = "com.apple.product-type.bundle.unit-test";
		};
		416D79C4210534DE00683119 /* wypokUITests */ = {
			isa = PBXNativeTarget;
			buildConfigurationList = 416D79D4210534DF00683119 /* Build configuration list for PBXNativeTarget "wypokUITests" */;
			buildPhases = (
				5A0817F200185873D2B3E248 /* [CP] Check Pods Manifest.lock */,
				416D79C1210534DE00683119 /* Sources */,
				416D79C2210534DE00683119 /* Frameworks */,
				416D79C3210534DE00683119 /* Resources */,
			);
			buildRules = (
			);
			dependencies = (
				416D79C7210534DE00683119 /* PBXTargetDependency */,
			);
			name = wypokUITests;
			productName = wypokUITests;
			productReference = 416D79C5210534DE00683119 /* wypokUITests.xctest */;
			productType = "com.apple.product-type.bundle.ui-testing";
		};
/* End PBXNativeTarget section */

/* Begin PBXProject section */
		416D799B210534D300683119 /* Project object */ = {
			isa = PBXProject;
			attributes = {
				LastSwiftUpdateCheck = 0940;
				LastUpgradeCheck = 0940;
				ORGANIZATIONNAME = "Przemyslaw Jablonski";
				TargetAttributes = {
					416D79A2210534D400683119 = {
						CreatedOnToolsVersion = 9.4.1;
					};
					416D79B9210534DE00683119 = {
						CreatedOnToolsVersion = 9.4.1;
						TestTargetID = 416D79A2210534D400683119;
					};
					416D79C4210534DE00683119 = {
						CreatedOnToolsVersion = 9.4.1;
						TestTargetID = 416D79A2210534D400683119;
					};
				};
			};
			buildConfigurationList = 416D799E210534D300683119 /* Build configuration list for PBXProject "wypok" */;
			compatibilityVersion = "Xcode 9.3";
			developmentRegion = en;
			hasScannedForEncodings = 0;
			knownRegions = (
				en,
				Base,
			);
			mainGroup = 416D799A210534D300683119;
			productRefGroup = 416D79A4210534D400683119 /* Products */;
			projectDirPath = "";
			projectRoot = "";
			targets = (
				416D79A2210534D400683119 /* wypok */,
				416D79B9210534DE00683119 /* wypokTests */,
				416D79C4210534DE00683119 /* wypokUITests */,
			);
		};
/* End PBXProject section */

/* Begin PBXResourcesBuildPhase section */
		416D79A1210534D400683119 /* Resources */ = {
			isa = PBXResourcesBuildPhase;
			buildActionMask = 2147483647;
			files = (
				416D79B4210534DD00683119 /* LaunchScreen.storyboard in Resources */,
				416D79B1210534DD00683119 /* (null) in Resources */,
				41BAE7FB2115C45200BCD5C2 /* WypokAssets.xcassets in Resources */,
				41B3B0CA211F9B530023EC45 /* MirkoEntryTableViewCell.xib in Resources */,
				418063EE210FC28E00B5455C /* ApiKeys.plist in Resources */,
				416D79AC210534D400683119 /* Main.storyboard in Resources */,
				411FEBD4211754F500A150BE /* FrontPageArticleTableViewCell.xib in Resources */,
				411FEBCC2116788F00A150BE /* FrontPageImageView.xib in Resources */,
			);
			runOnlyForDeploymentPostprocessing = 0;
		};
		416D79B8210534DE00683119 /* Resources */ = {
			isa = PBXResourcesBuildPhase;
			buildActionMask = 2147483647;
			files = (
			);
			runOnlyForDeploymentPostprocessing = 0;
		};
		416D79C3210534DE00683119 /* Resources */ = {
			isa = PBXResourcesBuildPhase;
			buildActionMask = 2147483647;
			files = (
			);
			runOnlyForDeploymentPostprocessing = 0;
		};
/* End PBXResourcesBuildPhase section */

/* Begin PBXShellScriptBuildPhase section */
		25A301E2063F5168713B44F1 /* [CP] Check Pods Manifest.lock */ = {
			isa = PBXShellScriptBuildPhase;
			buildActionMask = 2147483647;
			files = (
			);
			inputPaths = (
				"${PODS_PODFILE_DIR_PATH}/Podfile.lock",
				"${PODS_ROOT}/Manifest.lock",
			);
			name = "[CP] Check Pods Manifest.lock";
			outputPaths = (
				"$(DERIVED_FILE_DIR)/Pods-wypokTests-checkManifestLockResult.txt",
			);
			runOnlyForDeploymentPostprocessing = 0;
			shellPath = /bin/sh;
			shellScript = "diff \"${PODS_PODFILE_DIR_PATH}/Podfile.lock\" \"${PODS_ROOT}/Manifest.lock\" > /dev/null\nif [ $? != 0 ] ; then\n    # print error to STDERR\n    echo \"error: The sandbox is not in sync with the Podfile.lock. Run 'pod install' or update your CocoaPods installation.\" >&2\n    exit 1\nfi\n# This output is used by Xcode 'outputs' to avoid re-running this script phase.\necho \"SUCCESS\" > \"${SCRIPT_OUTPUT_FILE_0}\"\n";
			showEnvVarsInLog = 0;
		};
		5A0817F200185873D2B3E248 /* [CP] Check Pods Manifest.lock */ = {
			isa = PBXShellScriptBuildPhase;
			buildActionMask = 2147483647;
			files = (
			);
			inputPaths = (
				"${PODS_PODFILE_DIR_PATH}/Podfile.lock",
				"${PODS_ROOT}/Manifest.lock",
			);
			name = "[CP] Check Pods Manifest.lock";
			outputPaths = (
				"$(DERIVED_FILE_DIR)/Pods-wypokUITests-checkManifestLockResult.txt",
			);
			runOnlyForDeploymentPostprocessing = 0;
			shellPath = /bin/sh;
			shellScript = "diff \"${PODS_PODFILE_DIR_PATH}/Podfile.lock\" \"${PODS_ROOT}/Manifest.lock\" > /dev/null\nif [ $? != 0 ] ; then\n    # print error to STDERR\n    echo \"error: The sandbox is not in sync with the Podfile.lock. Run 'pod install' or update your CocoaPods installation.\" >&2\n    exit 1\nfi\n# This output is used by Xcode 'outputs' to avoid re-running this script phase.\necho \"SUCCESS\" > \"${SCRIPT_OUTPUT_FILE_0}\"\n";
			showEnvVarsInLog = 0;
		};
		7BAA6614795C5BA37CFE6637 /* [CP] Check Pods Manifest.lock */ = {
			isa = PBXShellScriptBuildPhase;
			buildActionMask = 2147483647;
			files = (
			);
			inputPaths = (
				"${PODS_PODFILE_DIR_PATH}/Podfile.lock",
				"${PODS_ROOT}/Manifest.lock",
			);
			name = "[CP] Check Pods Manifest.lock";
			outputPaths = (
				"$(DERIVED_FILE_DIR)/Pods-wypok-checkManifestLockResult.txt",
			);
			runOnlyForDeploymentPostprocessing = 0;
			shellPath = /bin/sh;
			shellScript = "diff \"${PODS_PODFILE_DIR_PATH}/Podfile.lock\" \"${PODS_ROOT}/Manifest.lock\" > /dev/null\nif [ $? != 0 ] ; then\n    # print error to STDERR\n    echo \"error: The sandbox is not in sync with the Podfile.lock. Run 'pod install' or update your CocoaPods installation.\" >&2\n    exit 1\nfi\n# This output is used by Xcode 'outputs' to avoid re-running this script phase.\necho \"SUCCESS\" > \"${SCRIPT_OUTPUT_FILE_0}\"\n";
			showEnvVarsInLog = 0;
		};
		A801AA20876E0298075A6AC9 /* [CP] Embed Pods Frameworks */ = {
			isa = PBXShellScriptBuildPhase;
			buildActionMask = 2147483647;
			files = (
			);
			inputPaths = (
				"${SRCROOT}/Pods/Target Support Files/Pods-wypok/Pods-wypok-frameworks.sh",
				"${BUILT_PRODUCTS_DIR}/Alamofire/Alamofire.framework",
				"${BUILT_PRODUCTS_DIR}/IGListKit/IGListKit.framework",
				"${BUILT_PRODUCTS_DIR}/RxCocoa/RxCocoa.framework",
				"${BUILT_PRODUCTS_DIR}/RxSwift/RxSwift.framework",
				"${BUILT_PRODUCTS_DIR}/SDWebImage/SDWebImage.framework",
				"${BUILT_PRODUCTS_DIR}/SwiftyJSON/SwiftyJSON.framework",
				"${BUILT_PRODUCTS_DIR}/Swinject/Swinject.framework",
			);
			name = "[CP] Embed Pods Frameworks";
			outputPaths = (
				"${TARGET_BUILD_DIR}/${FRAMEWORKS_FOLDER_PATH}/Alamofire.framework",
				"${TARGET_BUILD_DIR}/${FRAMEWORKS_FOLDER_PATH}/IGListKit.framework",
				"${TARGET_BUILD_DIR}/${FRAMEWORKS_FOLDER_PATH}/RxCocoa.framework",
				"${TARGET_BUILD_DIR}/${FRAMEWORKS_FOLDER_PATH}/RxSwift.framework",
				"${TARGET_BUILD_DIR}/${FRAMEWORKS_FOLDER_PATH}/SDWebImage.framework",
				"${TARGET_BUILD_DIR}/${FRAMEWORKS_FOLDER_PATH}/SwiftyJSON.framework",
				"${TARGET_BUILD_DIR}/${FRAMEWORKS_FOLDER_PATH}/Swinject.framework",
			);
			runOnlyForDeploymentPostprocessing = 0;
			shellPath = /bin/sh;
			shellScript = "\"${SRCROOT}/Pods/Target Support Files/Pods-wypok/Pods-wypok-frameworks.sh\"\n";
			showEnvVarsInLog = 0;
		};
/* End PBXShellScriptBuildPhase section */

/* Begin PBXSourcesBuildPhase section */
		416D799F210534D400683119 /* Sources */ = {
			isa = PBXSourcesBuildPhase;
			buildActionMask = 2147483647;
			files = (
				4101E3092113D3460030C49B /* RemoteEntity.swift in Sources */,
				412BAA0621298B540024D4A9 /* MirkoEntity+CoreDataProperties.swift in Sources */,
				412BA9FA212987650024D4A9 /* WypokMirkoRepository.swift in Sources */,
				41B3B0D0211F9D7A0023EC45 /* MirkoCommentDto.swift in Sources */,
				41B3B0BD211F8CFD0023EC45 /* MirkoPresenter.swift in Sources */,
				41C37FE821067FB200150BFE /* WypokMirkoViewController.swift in Sources */,
				4101E3022113BFCC0030C49B /* ApiKeysProvider.swift in Sources */,
				41363F16210A554D00C6AB42 /* FrontPagePresenter.swift in Sources */,
				411FEBD62117B17600A150BE /* WypokExtensions.swift in Sources */,
				41B3B0C9211F9B530023EC45 /* MirkoEntryTableViewCell.swift in Sources */,
				4133EED7213475DB00A5ED68 /* PrefetchingService.swift in Sources */,
				4101E30B2113D6ED0030C49B /* WypokFrontPageInteractor.swift in Sources */,
				41B90E0721335CD700627F41 /* EmbedModel.swift in Sources */,
				4101E30D2113D7DF0030C49B /* FrontPageService.swift in Sources */,
				41B3B0D9212037CE0023EC45 /* MirkoService.swift in Sources */,
				41B3B0D6211FAE2D0023EC45 /* AuthorRank.swift in Sources */,
				41363F142107EA1D00C6AB42 /* BasePresenter.swift in Sources */,
				4101E30021126C150030C49B /* FrontPageItemModel.swift in Sources */,
				41B3B0C3211F934F0023EC45 /* WypokMirkoInteractor.swift in Sources */,
				412BAA0C212A13490024D4A9 /* MirkoEntityRepository.swift in Sources */,
				411FEBCE2116F83400A150BE /* EdgeInsetLabel.swift in Sources */,
				41CABD48212085C400F94441 /* MirkoEmbedType.swift in Sources */,
				411FEBD3211754F500A150BE /* FrontPageArticleTableViewCell.swift in Sources */,
				41B3B0DB212043FF0023EC45 /* WypokTableViewCell.swift in Sources */,
				41B3B0C5211F93670023EC45 /* MirkoInteractor.swift in Sources */,
				41B3B0C1211F8F320023EC45 /* WypokMirkoPresenter.swift in Sources */,
				41B3B0D4211F9FEA0023EC45 /* MirkoEmbedDto.swift in Sources */,
				4101E31321151A2C0030C49B /* WypokService.swift in Sources */,
				41363F18210A6EE000C6AB42 /* Presenter.swift in Sources */,
				412BAA0521298B540024D4A9 /* MirkoEntity+CoreDataClass.swift in Sources */,
				416D79A9210534D400683119 /* WypokFrontPageViewController.swift in Sources */,
				4101E2FE21126BE90030C49B /* FrontPageItemDto.swift in Sources */,
				41FA4058211A49B600EEA5FF /* FrontPageAction.swift in Sources */,
				4101E3052113C2170030C49B /* WypokApiKeysProvider.swift in Sources */,
				41B3B0BF211F8E1F0023EC45 /* MirkoItemAction.swift in Sources */,
				41B3B0BB211F87CD0023EC45 /* MirkoItemModel.swift in Sources */,
				41C37FE621067CBF00150BFE /* WypokBestsViewState.swift in Sources */,
				41C37FE22106780600150BFE /* WypokDigsiteViewState.swift in Sources */,
				41B3B0D2211F9E590023EC45 /* MirkoAuthorDto.swift in Sources */,
				41C37FE02106768300150BFE /* WypokDigsiteViewController.swift in Sources */,
				41B90E0921335D3500627F41 /* EmbedTypeModel.swift in Sources */,
				41EA0202210543690091E9F9 /* WypokFrontPageViewState.swift in Sources */,
				4101E3112113D8560030C49B /* WypokBaseService.swift in Sources */,
				411FEBD02116F9BF00A150BE /* FrontPageImageView.swift in Sources */,
				4101E2F9211269C50030C49B /* FrontPageInteractor.swift in Sources */,
				41B3B0B7211F87570023EC45 /* WypokMirkoViewState.swift in Sources */,
				4101E3072113C4EC0030C49B /* MD5Digest.swift in Sources */,
				41B3B0CE211F9D580023EC45 /* MirkoItemDto.swift in Sources */,
				41C37FE421067CA600150BFE /* WypokBestsViewController.swift in Sources */,
				41C37F9B2105488F00150BFE /* BaseView.swift in Sources */,
				416D79A7210534D400683119 /* AppDelegate.swift in Sources */,
				418063F221112C9A00B5455C /* ViewState.swift in Sources */,
				41363F1A210A6F1400C6AB42 /* View.swift in Sources */,
				416D79AF210534D400683119 /* wypok.xcdatamodeld in Sources */,
				415C78D72106984700453AFC /* WypokFrontPagePresenter.swift in Sources */,
				412BAA0821298D090024D4A9 /* CommonCoreDataRepository.swift in Sources */,
				41D14F172124F383004578D4 /* WypokGlobalInjectionContainer.swift in Sources */,
			);
			runOnlyForDeploymentPostprocessing = 0;
		};
		416D79B6210534DE00683119 /* Sources */ = {
			isa = PBXSourcesBuildPhase;
			buildActionMask = 2147483647;
			files = (
				4133EED92135346500A5ED68 /* WypokExtensionsTests.swift in Sources */,
				416D79BF210534DE00683119 /* wypokTests.swift in Sources */,
			);
			runOnlyForDeploymentPostprocessing = 0;
		};
		416D79C1210534DE00683119 /* Sources */ = {
			isa = PBXSourcesBuildPhase;
			buildActionMask = 2147483647;
			files = (
				416D79CA210534DE00683119 /* wypokUITests.swift in Sources */,
			);
			runOnlyForDeploymentPostprocessing = 0;
		};
/* End PBXSourcesBuildPhase section */

/* Begin PBXTargetDependency section */
		416D79BC210534DE00683119 /* PBXTargetDependency */ = {
			isa = PBXTargetDependency;
			target = 416D79A2210534D400683119 /* wypok */;
			targetProxy = 416D79BB210534DE00683119 /* PBXContainerItemProxy */;
		};
		416D79C7210534DE00683119 /* PBXTargetDependency */ = {
			isa = PBXTargetDependency;
			target = 416D79A2210534D400683119 /* wypok */;
			targetProxy = 416D79C6210534DE00683119 /* PBXContainerItemProxy */;
		};
/* End PBXTargetDependency section */

/* Begin PBXVariantGroup section */
		416D79AA210534D400683119 /* Main.storyboard */ = {
			isa = PBXVariantGroup;
			children = (
				416D79AB210534D400683119 /* Base */,
			);
			name = Main.storyboard;
			sourceTree = "<group>";
		};
		416D79B2210534DD00683119 /* LaunchScreen.storyboard */ = {
			isa = PBXVariantGroup;
			children = (
				416D79B3210534DD00683119 /* Base */,
			);
			name = LaunchScreen.storyboard;
			sourceTree = "<group>";
		};
/* End PBXVariantGroup section */

/* Begin XCBuildConfiguration section */
		416D79CC210534DE00683119 /* Debug */ = {
			isa = XCBuildConfiguration;
			buildSettings = {
				ALWAYS_SEARCH_USER_PATHS = NO;
				CLANG_ANALYZER_NONNULL = YES;
				CLANG_ANALYZER_NUMBER_OBJECT_CONVERSION = YES_AGGRESSIVE;
				CLANG_CXX_LANGUAGE_STANDARD = "gnu++14";
				CLANG_CXX_LIBRARY = "libc++";
				CLANG_ENABLE_MODULES = YES;
				CLANG_ENABLE_OBJC_ARC = YES;
				CLANG_ENABLE_OBJC_WEAK = YES;
				CLANG_WARN_BLOCK_CAPTURE_AUTORELEASING = YES;
				CLANG_WARN_BOOL_CONVERSION = YES;
				CLANG_WARN_COMMA = YES;
				CLANG_WARN_CONSTANT_CONVERSION = YES;
				CLANG_WARN_DEPRECATED_OBJC_IMPLEMENTATIONS = YES;
				CLANG_WARN_DIRECT_OBJC_ISA_USAGE = YES_ERROR;
				CLANG_WARN_DOCUMENTATION_COMMENTS = YES;
				CLANG_WARN_EMPTY_BODY = YES;
				CLANG_WARN_ENUM_CONVERSION = YES;
				CLANG_WARN_INFINITE_RECURSION = YES;
				CLANG_WARN_INT_CONVERSION = YES;
				CLANG_WARN_NON_LITERAL_NULL_CONVERSION = YES;
				CLANG_WARN_OBJC_IMPLICIT_RETAIN_SELF = YES;
				CLANG_WARN_OBJC_LITERAL_CONVERSION = YES;
				CLANG_WARN_OBJC_ROOT_CLASS = YES_ERROR;
				CLANG_WARN_RANGE_LOOP_ANALYSIS = YES;
				CLANG_WARN_STRICT_PROTOTYPES = YES;
				CLANG_WARN_SUSPICIOUS_MOVE = YES;
				CLANG_WARN_UNGUARDED_AVAILABILITY = YES_AGGRESSIVE;
				CLANG_WARN_UNREACHABLE_CODE = YES;
				CLANG_WARN__DUPLICATE_METHOD_MATCH = YES;
				CODE_SIGN_IDENTITY = "iPhone Developer";
				COPY_PHASE_STRIP = NO;
				DEBUG_INFORMATION_FORMAT = dwarf;
				ENABLE_STRICT_OBJC_MSGSEND = YES;
				ENABLE_TESTABILITY = YES;
				GCC_C_LANGUAGE_STANDARD = gnu11;
				GCC_DYNAMIC_NO_PIC = NO;
				GCC_NO_COMMON_BLOCKS = YES;
				GCC_OPTIMIZATION_LEVEL = 0;
				GCC_PREPROCESSOR_DEFINITIONS = (
					"DEBUG=1",
					"$(inherited)",
				);
				GCC_WARN_64_TO_32_BIT_CONVERSION = YES;
				GCC_WARN_ABOUT_RETURN_TYPE = YES_ERROR;
				GCC_WARN_UNDECLARED_SELECTOR = YES;
				GCC_WARN_UNINITIALIZED_AUTOS = YES_AGGRESSIVE;
				GCC_WARN_UNUSED_FUNCTION = YES;
				GCC_WARN_UNUSED_VARIABLE = YES;
				IPHONEOS_DEPLOYMENT_TARGET = 11.4;
				MTL_ENABLE_DEBUG_INFO = YES;
				ONLY_ACTIVE_ARCH = YES;
				SDKROOT = iphoneos;
				SWIFT_ACTIVE_COMPILATION_CONDITIONS = DEBUG;
				SWIFT_OPTIMIZATION_LEVEL = "-Onone";
			};
			name = Debug;
		};
		416D79CD210534DE00683119 /* Release */ = {
			isa = XCBuildConfiguration;
			buildSettings = {
				ALWAYS_SEARCH_USER_PATHS = NO;
				CLANG_ANALYZER_NONNULL = YES;
				CLANG_ANALYZER_NUMBER_OBJECT_CONVERSION = YES_AGGRESSIVE;
				CLANG_CXX_LANGUAGE_STANDARD = "gnu++14";
				CLANG_CXX_LIBRARY = "libc++";
				CLANG_ENABLE_MODULES = YES;
				CLANG_ENABLE_OBJC_ARC = YES;
				CLANG_ENABLE_OBJC_WEAK = YES;
				CLANG_WARN_BLOCK_CAPTURE_AUTORELEASING = YES;
				CLANG_WARN_BOOL_CONVERSION = YES;
				CLANG_WARN_COMMA = YES;
				CLANG_WARN_CONSTANT_CONVERSION = YES;
				CLANG_WARN_DEPRECATED_OBJC_IMPLEMENTATIONS = YES;
				CLANG_WARN_DIRECT_OBJC_ISA_USAGE = YES_ERROR;
				CLANG_WARN_DOCUMENTATION_COMMENTS = YES;
				CLANG_WARN_EMPTY_BODY = YES;
				CLANG_WARN_ENUM_CONVERSION = YES;
				CLANG_WARN_INFINITE_RECURSION = YES;
				CLANG_WARN_INT_CONVERSION = YES;
				CLANG_WARN_NON_LITERAL_NULL_CONVERSION = YES;
				CLANG_WARN_OBJC_IMPLICIT_RETAIN_SELF = YES;
				CLANG_WARN_OBJC_LITERAL_CONVERSION = YES;
				CLANG_WARN_OBJC_ROOT_CLASS = YES_ERROR;
				CLANG_WARN_RANGE_LOOP_ANALYSIS = YES;
				CLANG_WARN_STRICT_PROTOTYPES = YES;
				CLANG_WARN_SUSPICIOUS_MOVE = YES;
				CLANG_WARN_UNGUARDED_AVAILABILITY = YES_AGGRESSIVE;
				CLANG_WARN_UNREACHABLE_CODE = YES;
				CLANG_WARN__DUPLICATE_METHOD_MATCH = YES;
				CODE_SIGN_IDENTITY = "iPhone Developer";
				COPY_PHASE_STRIP = NO;
				DEBUG_INFORMATION_FORMAT = "dwarf-with-dsym";
				ENABLE_NS_ASSERTIONS = NO;
				ENABLE_STRICT_OBJC_MSGSEND = YES;
				GCC_C_LANGUAGE_STANDARD = gnu11;
				GCC_NO_COMMON_BLOCKS = YES;
				GCC_WARN_64_TO_32_BIT_CONVERSION = YES;
				GCC_WARN_ABOUT_RETURN_TYPE = YES_ERROR;
				GCC_WARN_UNDECLARED_SELECTOR = YES;
				GCC_WARN_UNINITIALIZED_AUTOS = YES_AGGRESSIVE;
				GCC_WARN_UNUSED_FUNCTION = YES;
				GCC_WARN_UNUSED_VARIABLE = YES;
				IPHONEOS_DEPLOYMENT_TARGET = 11.4;
				MTL_ENABLE_DEBUG_INFO = NO;
				SDKROOT = iphoneos;
				SWIFT_COMPILATION_MODE = wholemodule;
				SWIFT_OPTIMIZATION_LEVEL = "-O";
				VALIDATE_PRODUCT = YES;
			};
			name = Release;
		};
		416D79CF210534DE00683119 /* Debug */ = {
			isa = XCBuildConfiguration;
			baseConfigurationReference = 296FD035969B0A408F6F3B24 /* Pods-wypok.debug.xcconfig */;
			buildSettings = {
				ASSETCATALOG_COMPILER_APPICON_NAME = AppIcon;
				CODE_SIGN_STYLE = Automatic;
				DEVELOPMENT_TEAM = 7CKFSV7EZ6;
				INFOPLIST_FILE = wypok/Info.plist;
				LD_RUNPATH_SEARCH_PATHS = (
					"$(inherited)",
					"@executable_path/Frameworks",
				);
				PRODUCT_BUNDLE_IDENTIFIER = com.sharaquss.ios.wypok;
				PRODUCT_NAME = "$(TARGET_NAME)";
				SWIFT_VERSION = 4.0;
				TARGETED_DEVICE_FAMILY = "1,2";
			};
			name = Debug;
		};
		416D79D0210534DE00683119 /* Release */ = {
			isa = XCBuildConfiguration;
			baseConfigurationReference = 70570478837AE9B36CABE0BB /* Pods-wypok.release.xcconfig */;
			buildSettings = {
				ASSETCATALOG_COMPILER_APPICON_NAME = AppIcon;
				CODE_SIGN_STYLE = Automatic;
				DEVELOPMENT_TEAM = 7CKFSV7EZ6;
				INFOPLIST_FILE = wypok/Info.plist;
				LD_RUNPATH_SEARCH_PATHS = (
					"$(inherited)",
					"@executable_path/Frameworks",
				);
				PRODUCT_BUNDLE_IDENTIFIER = com.sharaquss.ios.wypok;
				PRODUCT_NAME = "$(TARGET_NAME)";
				SWIFT_VERSION = 4.0;
				TARGETED_DEVICE_FAMILY = "1,2";
			};
			name = Release;
		};
		416D79D2210534DF00683119 /* Debug */ = {
			isa = XCBuildConfiguration;
			baseConfigurationReference = 8F66037C47F3524C0524E525 /* Pods-wypokTests.debug.xcconfig */;
			buildSettings = {
				ALWAYS_EMBED_SWIFT_STANDARD_LIBRARIES = YES;
				BUNDLE_LOADER = "$(TEST_HOST)";
				CODE_SIGN_STYLE = Automatic;
				DEVELOPMENT_TEAM = 7CKFSV7EZ6;
				INFOPLIST_FILE = wypokTests/Info.plist;
				LD_RUNPATH_SEARCH_PATHS = (
					"$(inherited)",
					"@executable_path/Frameworks",
					"@loader_path/Frameworks",
				);
				PRODUCT_BUNDLE_IDENTIFIER = com.sharaquss.ios.wypokTests;
				PRODUCT_NAME = "$(TARGET_NAME)";
				SWIFT_VERSION = 4.0;
				TARGETED_DEVICE_FAMILY = "1,2";
				TEST_HOST = "$(BUILT_PRODUCTS_DIR)/wypok.app/wypok";
			};
			name = Debug;
		};
		416D79D3210534DF00683119 /* Release */ = {
			isa = XCBuildConfiguration;
			baseConfigurationReference = 55B58248F696786B40BF5389 /* Pods-wypokTests.release.xcconfig */;
			buildSettings = {
				ALWAYS_EMBED_SWIFT_STANDARD_LIBRARIES = YES;
				BUNDLE_LOADER = "$(TEST_HOST)";
				CODE_SIGN_STYLE = Automatic;
				DEVELOPMENT_TEAM = 7CKFSV7EZ6;
				INFOPLIST_FILE = wypokTests/Info.plist;
				LD_RUNPATH_SEARCH_PATHS = (
					"$(inherited)",
					"@executable_path/Frameworks",
					"@loader_path/Frameworks",
				);
				PRODUCT_BUNDLE_IDENTIFIER = com.sharaquss.ios.wypokTests;
				PRODUCT_NAME = "$(TARGET_NAME)";
				SWIFT_VERSION = 4.0;
				TARGETED_DEVICE_FAMILY = "1,2";
				TEST_HOST = "$(BUILT_PRODUCTS_DIR)/wypok.app/wypok";
			};
			name = Release;
		};
		416D79D5210534DF00683119 /* Debug */ = {
			isa = XCBuildConfiguration;
			baseConfigurationReference = BEBF29EE7B605D37F6B411F0 /* Pods-wypokUITests.debug.xcconfig */;
			buildSettings = {
				ALWAYS_EMBED_SWIFT_STANDARD_LIBRARIES = YES;
				CODE_SIGN_STYLE = Automatic;
				DEVELOPMENT_TEAM = 7CKFSV7EZ6;
				INFOPLIST_FILE = wypokUITests/Info.plist;
				LD_RUNPATH_SEARCH_PATHS = (
					"$(inherited)",
					"@executable_path/Frameworks",
					"@loader_path/Frameworks",
				);
				PRODUCT_BUNDLE_IDENTIFIER = com.sharaquss.ios.wypokUITests;
				PRODUCT_NAME = "$(TARGET_NAME)";
				SWIFT_VERSION = 4.0;
				TARGETED_DEVICE_FAMILY = "1,2";
				TEST_TARGET_NAME = wypok;
			};
			name = Debug;
		};
		416D79D6210534DF00683119 /* Release */ = {
			isa = XCBuildConfiguration;
			baseConfigurationReference = B40B55928F13A9046F7073A3 /* Pods-wypokUITests.release.xcconfig */;
			buildSettings = {
				ALWAYS_EMBED_SWIFT_STANDARD_LIBRARIES = YES;
				CODE_SIGN_STYLE = Automatic;
				DEVELOPMENT_TEAM = 7CKFSV7EZ6;
				INFOPLIST_FILE = wypokUITests/Info.plist;
				LD_RUNPATH_SEARCH_PATHS = (
					"$(inherited)",
					"@executable_path/Frameworks",
					"@loader_path/Frameworks",
				);
				PRODUCT_BUNDLE_IDENTIFIER = com.sharaquss.ios.wypokUITests;
				PRODUCT_NAME = "$(TARGET_NAME)";
				SWIFT_VERSION = 4.0;
				TARGETED_DEVICE_FAMILY = "1,2";
				TEST_TARGET_NAME = wypok;
			};
			name = Release;
		};
/* End XCBuildConfiguration section */

/* Begin XCConfigurationList section */
		416D799E210534D300683119 /* Build configuration list for PBXProject "wypok" */ = {
			isa = XCConfigurationList;
			buildConfigurations = (
				416D79CC210534DE00683119 /* Debug */,
				416D79CD210534DE00683119 /* Release */,
			);
			defaultConfigurationIsVisible = 0;
			defaultConfigurationName = Release;
		};
		416D79CE210534DE00683119 /* Build configuration list for PBXNativeTarget "wypok" */ = {
			isa = XCConfigurationList;
			buildConfigurations = (
				416D79CF210534DE00683119 /* Debug */,
				416D79D0210534DE00683119 /* Release */,
			);
			defaultConfigurationIsVisible = 0;
			defaultConfigurationName = Release;
		};
		416D79D1210534DF00683119 /* Build configuration list for PBXNativeTarget "wypokTests" */ = {
			isa = XCConfigurationList;
			buildConfigurations = (
				416D79D2210534DF00683119 /* Debug */,
				416D79D3210534DF00683119 /* Release */,
			);
			defaultConfigurationIsVisible = 0;
			defaultConfigurationName = Release;
		};
		416D79D4210534DF00683119 /* Build configuration list for PBXNativeTarget "wypokUITests" */ = {
			isa = XCConfigurationList;
			buildConfigurations = (
				416D79D5210534DF00683119 /* Debug */,
				416D79D6210534DF00683119 /* Release */,
			);
			defaultConfigurationIsVisible = 0;
			defaultConfigurationName = Release;
		};
/* End XCConfigurationList section */

/* Begin XCVersionGroup section */
		416D79AD210534D400683119 /* wypok.xcdatamodeld */ = {
			isa = XCVersionGroup;
			children = (
				416D79AE210534D400683119 /* wypok.xcdatamodel */,
			);
			currentVersion = 416D79AE210534D400683119 /* wypok.xcdatamodel */;
			path = wypok.xcdatamodeld;
			sourceTree = "<group>";
			versionGroupType = wrapper.xcdatamodel;
		};
/* End XCVersionGroup section */
	};
	rootObject = 416D799B210534D300683119 /* Project object */;
}
